
Microsoft Visual Studio Solution File, Format Version 12.00
# Visual Studio Version 17
VisualStudioVersion = 17.5.002.0
MinimumVisualStudioVersion = 10.0.40219.1
Project("{2150E333-8FDC-42A3-9474-1A3956D46DE8}") = "Playwright", "Playwright", "{D6255B85-A94F-4F15-BBBB-7A2D62E222F0}"
EndProject
Project("{2150E333-8FDC-42A3-9474-1A3956D46DE8}") = "C#", "C#", "{395A3EC1-4117-4259-B442-D1CC3E0FF12C}"
EndProject
Project("{9A19103F-16F7-4668-BE54-9A1E7A4F7556}") = "PlaywrightTests", "Playwright\C#\PlaywrightTests\PlaywrightTests.csproj", "{1F47AF88-DF3A-4596-8D09-4435CB6A8B24}"
EndProject
Global
	GlobalSection(SolutionConfigurationPlatforms) = preSolution
		Debug|Any CPU = Debug|Any CPU
		Release|Any CPU = Release|Any CPU
	EndGlobalSection
	GlobalSection(ProjectConfigurationPlatforms) = postSolution
		{1F47AF88-DF3A-4596-8D09-4435CB6A8B24}.Debug|Any CPU.ActiveCfg = Debug|Any CPU
		{1F47AF88-DF3A-4596-8D09-4435CB6A8B24}.Debug|Any CPU.Build.0 = Debug|Any CPU
		{1F47AF88-DF3A-4596-8D09-4435CB6A8B24}.Release|Any CPU.ActiveCfg = Release|Any CPU
		{1F47AF88-DF3A-4596-8D09-4435CB6A8B24}.Release|Any CPU.Build.0 = Release|Any CPU
	EndGlobalSection
	GlobalSection(SolutionProperties) = preSolution
		HideSolutionNode = FALSE
	EndGlobalSection
	GlobalSection(NestedProjects) = preSolution
		{395A3EC1-4117-4259-B442-D1CC3E0FF12C} = {D6255B85-A94F-4F15-BBBB-7A2D62E222F0}
		{1F47AF88-DF3A-4596-8D09-4435CB6A8B24} = {395A3EC1-4117-4259-B442-D1CC3E0FF12C}
	EndGlobalSection
	GlobalSection(ExtensibilityGlobals) = postSolution
		SolutionGuid = {6F5B2012-5481-4FC0-A148-152BD4CF30BF}
	EndGlobalSection
EndGlobal
